
Microsoft Visual Studio Solution File, Format Version 12.00
# Visual Studio Version 16
VisualStudioVersion = 16.0.29920.165
MinimumVisualStudioVersion = 10.0.40219.1
Project("{9A19103F-16F7-4668-BE54-9A1E7A4F7556}") = "Fpa.IConfigurationSource.FromService", "Fpa.IConfigurationSource.FromService\Fpa.IConfigurationSource.FromService.csproj", "{C9373C92-9C59-4C98-B263-CBFE084F5ABB}"
EndProject
Global
	GlobalSection(SolutionConfigurationPlatforms) = preSolution
		Debug|Any CPU = Debug|Any CPU
		Release|Any CPU = Release|Any CPU
	EndGlobalSection
	GlobalSection(ProjectConfigurationPlatforms) = postSolution
		{C9373C92-9C59-4C98-B263-CBFE084F5ABB}.Debug|Any CPU.ActiveCfg = Debug|Any CPU
		{C9373C92-9C59-4C98-B263-CBFE084F5ABB}.Debug|Any CPU.Build.0 = Debug|Any CPU
		{C9373C92-9C59-4C98-B263-CBFE084F5ABB}.Release|Any CPU.ActiveCfg = Release|Any CPU
		{C9373C92-9C59-4C98-B263-CBFE084F5ABB}.Release|Any CPU.Build.0 = Release|Any CPU
	EndGlobalSection
	GlobalSection(SolutionProperties) = preSolution
		HideSolutionNode = FALSE
	EndGlobalSection
	GlobalSection(ExtensibilityGlobals) = postSolution
		SolutionGuid = {E9ACC1FF-489D-4582-A7E4-2254F3226B73}
	EndGlobalSection
EndGlobal
